
Microsoft Visual Studio Solution File, Format Version 12.00
# Visual Studio Version 16
VisualStudioVersion = 16.0.30225.117
MinimumVisualStudioVersion = 10.0.40219.1
Project("{FAE04EC0-301F-11D3-BF4B-00C04F79EFBC}") = "MAIN", "MAIN\MAIN.csproj", "{2E3943C9-7F91-4B71-8120-9F030749C327}"
EndProject
Project("{FAE04EC0-301F-11D3-BF4B-00C04F79EFBC}") = "ComVar", "ComVar\ComVar.csproj", "{1FDD4C55-6914-47C9-89F0-682D023AC3A9}"
EndProject
Project("{FAE04EC0-301F-11D3-BF4B-00C04F79EFBC}") = "Com", "COM\Com.csproj", "{992378C3-66A1-4E98-96F5-CE2B26E0CAB2}"
EndProject
Project("{FAE04EC0-301F-11D3-BF4B-00C04F79EFBC}") = "140.SMT_DGF_NOS_N", "140.SMT_DGF_NOS_N\140.SMT_DGF_NOS_N.csproj", "{36A60513-7337-4CD3-97A0-5AC22479A528}"
EndProject
Project("{FAE04EC0-301F-11D3-BF4B-00C04F79EFBC}") = "69.SMT_DGF_NOS", "69.SMT_DGF_NOS\69.SMT_DGF_NOS.csproj", "{2861E896-40B0-4D81-8F20-68AFFCF6301B}"
EndProject
Project("{FAE04EC0-301F-11D3-BF4B-00C04F79EFBC}") = "245.SMT_DGF_FTY1", "245.SMT_DGF_FTY1\245.SMT_DGF_FTY1.csproj", "{61074E65-9602-43F3-9C9D-0BF332BF3EDB}"
EndProject
Project("{FAE04EC0-301F-11D3-BF4B-00C04F79EFBC}") = "176.FORM_TO_PO_DAY", "176.FORM_TO_PO_DAY\176.FORM_TO_PO_DAY.csproj", "{3E3C0627-6623-4F4D-8FC5-F9C4588091B0}"
EndProject
Project("{FAE04EC0-301F-11D3-BF4B-00C04F79EFBC}") = "177.FORM_PO_TO_WEEK", "177.FORM_PO_TO_WEEK\177.FORM_PO_TO_WEEK.csproj", "{7235B447-E720-41E6-BE4A-7227BAFC8C26}"
EndProject
Project("{FAE04EC0-301F-11D3-BF4B-00C04F79EFBC}") = "192.FORM_PO_TO_WEEK_NOS_N", "192.FORM_PO_TO_WEEK_NOS_N\192.FORM_PO_TO_WEEK_NOS_N.csproj", "{83418639-88B8-4A74-ADA9-8721A3DCDEEE}"
EndProject
Project("{FAE04EC0-301F-11D3-BF4B-00C04F79EFBC}") = "191.FORM_TO_PO_DAY_NOS_N", "191.FORM_TO_PO_DAY_NOS_N\191.FORM_TO_PO_DAY_NOS_N.csproj", "{997CB6FB-EB55-4823-8A35-B5FD8C57520E}"
EndProject
Project("{FAE04EC0-301F-11D3-BF4B-00C04F79EFBC}") = "198.FORM_TO_PO_DAY_NOS_L", "198.FORM_TO_PO_DAY_NOS_L\198.FORM_TO_PO_DAY_NOS_L.csproj", "{130D0135-0708-4148-BD70-3A5D73732798}"
EndProject
Project("{FAE04EC0-301F-11D3-BF4B-00C04F79EFBC}") = "199.FORM_PO_TO_WEEK_NOS_L", "199.FORM_PO_TO_WEEK_NOS_L\199.FORM_PO_TO_WEEK_NOS_L.csproj", "{EB4808B5-97C3-437B-B2DE-60657F8F54BE}"
EndProject
Project("{FAE04EC0-301F-11D3-BF4B-00C04F79EFBC}") = "70.SMT_DGF_NOS_NPI", "70.SMT_DGF_NOS_NPI\70.SMT_DGF_NOS_NPI.csproj", "{914D7F48-8F3A-4A32-A749-6D0F1924B75D}"
EndProject
Project("{FAE04EC0-301F-11D3-BF4B-00C04F79EFBC}") = "71_74.SMT_DGF_NOS_QR", "71_74.SMT_DGF_NOS_QR\71_74.SMT_DGF_NOS_QR.csproj", "{233BFEDA-2DF0-4843-B674-ED44BED012E8}"
EndProject
Global
	GlobalSection(SolutionConfigurationPlatforms) = preSolution
		Debug|Any CPU = Debug|Any CPU
		Debug|x86 = Debug|x86
		Release|Any CPU = Release|Any CPU
		Release|x86 = Release|x86
	EndGlobalSection
	GlobalSection(ProjectConfigurationPlatforms) = postSolution
		{2E3943C9-7F91-4B71-8120-9F030749C327}.Debug|Any CPU.ActiveCfg = Debug|Any CPU
		{2E3943C9-7F91-4B71-8120-9F030749C327}.Debug|Any CPU.Build.0 = Debug|Any CPU
		{2E3943C9-7F91-4B71-8120-9F030749C327}.Debug|x86.ActiveCfg = Debug|x86
		{2E3943C9-7F91-4B71-8120-9F030749C327}.Debug|x86.Build.0 = Debug|x86
		{2E3943C9-7F91-4B71-8120-9F030749C327}.Release|Any CPU.ActiveCfg = Release|Any CPU
		{2E3943C9-7F91-4B71-8120-9F030749C327}.Release|Any CPU.Build.0 = Release|Any CPU
		{2E3943C9-7F91-4B71-8120-9F030749C327}.Release|x86.ActiveCfg = Release|x86
		{2E3943C9-7F91-4B71-8120-9F030749C327}.Release|x86.Build.0 = Release|x86
		{1FDD4C55-6914-47C9-89F0-682D023AC3A9}.Debug|Any CPU.ActiveCfg = Debug|Any CPU
		{1FDD4C55-6914-47C9-89F0-682D023AC3A9}.Debug|Any CPU.Build.0 = Debug|Any CPU
		{1FDD4C55-6914-47C9-89F0-682D023AC3A9}.Debug|x86.ActiveCfg = Debug|Any CPU
		{1FDD4C55-6914-47C9-89F0-682D023AC3A9}.Debug|x86.Build.0 = Debug|Any CPU
		{1FDD4C55-6914-47C9-89F0-682D023AC3A9}.Release|Any CPU.ActiveCfg = Release|Any CPU
		{1FDD4C55-6914-47C9-89F0-682D023AC3A9}.Release|Any CPU.Build.0 = Release|Any CPU
		{1FDD4C55-6914-47C9-89F0-682D023AC3A9}.Release|x86.ActiveCfg = Release|Any CPU
		{1FDD4C55-6914-47C9-89F0-682D023AC3A9}.Release|x86.Build.0 = Release|Any CPU
		{992378C3-66A1-4E98-96F5-CE2B26E0CAB2}.Debug|Any CPU.ActiveCfg = Debug|Any CPU
		{992378C3-66A1-4E98-96F5-CE2B26E0CAB2}.Debug|Any CPU.Build.0 = Debug|Any CPU
		{992378C3-66A1-4E98-96F5-CE2B26E0CAB2}.Debug|x86.ActiveCfg = Debug|x86
		{992378C3-66A1-4E98-96F5-CE2B26E0CAB2}.Debug|x86.Build.0 = Debug|x86
		{992378C3-66A1-4E98-96F5-CE2B26E0CAB2}.Release|Any CPU.ActiveCfg = Release|Any CPU
		{992378C3-66A1-4E98-96F5-CE2B26E0CAB2}.Release|Any CPU.Build.0 = Release|Any CPU
		{992378C3-66A1-4E98-96F5-CE2B26E0CAB2}.Release|x86.ActiveCfg = Release|x86
		{992378C3-66A1-4E98-96F5-CE2B26E0CAB2}.Release|x86.Build.0 = Release|x86
		{36A60513-7337-4CD3-97A0-5AC22479A528}.Debug|Any CPU.ActiveCfg = Debug|Any CPU
		{36A60513-7337-4CD3-97A0-5AC22479A528}.Debug|Any CPU.Build.0 = Debug|Any CPU
		{36A60513-7337-4CD3-97A0-5AC22479A528}.Debug|x86.ActiveCfg = Debug|Any CPU
		{36A60513-7337-4CD3-97A0-5AC22479A528}.Debug|x86.Build.0 = Debug|Any CPU
		{36A60513-7337-4CD3-97A0-5AC22479A528}.Release|Any CPU.ActiveCfg = Release|Any CPU
		{36A60513-7337-4CD3-97A0-5AC22479A528}.Release|Any CPU.Build.0 = Release|Any CPU
		{36A60513-7337-4CD3-97A0-5AC22479A528}.Release|x86.ActiveCfg = Release|Any CPU
		{36A60513-7337-4CD3-97A0-5AC22479A528}.Release|x86.Build.0 = Release|Any CPU
		{2861E896-40B0-4D81-8F20-68AFFCF6301B}.Debug|Any CPU.ActiveCfg = Debug|Any CPU
		{2861E896-40B0-4D81-8F20-68AFFCF6301B}.Debug|Any CPU.Build.0 = Debug|Any CPU
		{2861E896-40B0-4D81-8F20-68AFFCF6301B}.Debug|x86.ActiveCfg = Debug|Any CPU
		{2861E896-40B0-4D81-8F20-68AFFCF6301B}.Debug|x86.Build.0 = Debug|Any CPU
		{2861E896-40B0-4D81-8F20-68AFFCF6301B}.Release|Any CPU.ActiveCfg = Release|Any CPU
		{2861E896-40B0-4D81-8F20-68AFFCF6301B}.Release|Any CPU.Build.0 = Release|Any CPU
		{2861E896-40B0-4D81-8F20-68AFFCF6301B}.Release|x86.ActiveCfg = Release|Any CPU
		{2861E896-40B0-4D81-8F20-68AFFCF6301B}.Release|x86.Build.0 = Release|Any CPU
		{61074E65-9602-43F3-9C9D-0BF332BF3EDB}.Debug|Any CPU.ActiveCfg = Debug|Any CPU
		{61074E65-9602-43F3-9C9D-0BF332BF3EDB}.Debug|Any CPU.Build.0 = Debug|Any CPU
		{61074E65-9602-43F3-9C9D-0BF332BF3EDB}.Debug|x86.ActiveCfg = Debug|Any CPU
		{61074E65-9602-43F3-9C9D-0BF332BF3EDB}.Debug|x86.Build.0 = Debug|Any CPU
		{61074E65-9602-43F3-9C9D-0BF332BF3EDB}.Release|Any CPU.ActiveCfg = Release|Any CPU
		{61074E65-9602-43F3-9C9D-0BF332BF3EDB}.Release|Any CPU.Build.0 = Release|Any CPU
		{61074E65-9602-43F3-9C9D-0BF332BF3EDB}.Release|x86.ActiveCfg = Release|Any CPU
		{61074E65-9602-43F3-9C9D-0BF332BF3EDB}.Release|x86.Build.0 = Release|Any CPU
		{3E3C0627-6623-4F4D-8FC5-F9C4588091B0}.Debug|Any CPU.ActiveCfg = Debug|Any CPU
		{3E3C0627-6623-4F4D-8FC5-F9C4588091B0}.Debug|Any CPU.Build.0 = Debug|Any CPU
		{3E3C0627-6623-4F4D-8FC5-F9C4588091B0}.Debug|x86.ActiveCfg = Debug|Any CPU
		{3E3C0627-6623-4F4D-8FC5-F9C4588091B0}.Debug|x86.Build.0 = Debug|Any CPU
		{3E3C0627-6623-4F4D-8FC5-F9C4588091B0}.Release|Any CPU.ActiveCfg = Release|Any CPU
		{3E3C0627-6623-4F4D-8FC5-F9C4588091B0}.Release|Any CPU.Build.0 = Release|Any CPU
		{3E3C0627-6623-4F4D-8FC5-F9C4588091B0}.Release|x86.ActiveCfg = Release|Any CPU
		{3E3C0627-6623-4F4D-8FC5-F9C4588091B0}.Release|x86.Build.0 = Release|Any CPU
		{7235B447-E720-41E6-BE4A-7227BAFC8C26}.Debug|Any CPU.ActiveCfg = Debug|Any CPU
		{7235B447-E720-41E6-BE4A-7227BAFC8C26}.Debug|Any CPU.Build.0 = Debug|Any CPU
		{7235B447-E720-41E6-BE4A-7227BAFC8C26}.Debug|x86.ActiveCfg = Debug|Any CPU
		{7235B447-E720-41E6-BE4A-7227BAFC8C26}.Debug|x86.Build.0 = Debug|Any CPU
		{7235B447-E720-41E6-BE4A-7227BAFC8C26}.Release|Any CPU.ActiveCfg = Release|Any CPU
		{7235B447-E720-41E6-BE4A-7227BAFC8C26}.Release|Any CPU.Build.0 = Release|Any CPU
		{7235B447-E720-41E6-BE4A-7227BAFC8C26}.Release|x86.ActiveCfg = Release|Any CPU
		{7235B447-E720-41E6-BE4A-7227BAFC8C26}.Release|x86.Build.0 = Release|Any CPU
		{83418639-88B8-4A74-ADA9-8721A3DCDEEE}.Debug|Any CPU.ActiveCfg = Debug|Any CPU
		{83418639-88B8-4A74-ADA9-8721A3DCDEEE}.Debug|Any CPU.Build.0 = Debug|Any CPU
		{83418639-88B8-4A74-ADA9-8721A3DCDEEE}.Debug|x86.ActiveCfg = Debug|Any CPU
		{83418639-88B8-4A74-ADA9-8721A3DCDEEE}.Debug|x86.Build.0 = Debug|Any CPU
		{83418639-88B8-4A74-ADA9-8721A3DCDEEE}.Release|Any CPU.ActiveCfg = Release|Any CPU
		{83418639-88B8-4A74-ADA9-8721A3DCDEEE}.Release|Any CPU.Build.0 = Release|Any CPU
		{83418639-88B8-4A74-ADA9-8721A3DCDEEE}.Release|x86.ActiveCfg = Release|Any CPU
		{83418639-88B8-4A74-ADA9-8721A3DCDEEE}.Release|x86.Build.0 = Release|Any CPU
		{997CB6FB-EB55-4823-8A35-B5FD8C57520E}.Debug|Any CPU.ActiveCfg = Debug|Any CPU
		{997CB6FB-EB55-4823-8A35-B5FD8C57520E}.Debug|Any CPU.Build.0 = Debug|Any CPU
		{997CB6FB-EB55-4823-8A35-B5FD8C57520E}.Debug|x86.ActiveCfg = Debug|Any CPU
		{997CB6FB-EB55-4823-8A35-B5FD8C57520E}.Debug|x86.Build.0 = Debug|Any CPU
		{997CB6FB-EB55-4823-8A35-B5FD8C57520E}.Release|Any CPU.ActiveCfg = Release|Any CPU
		{997CB6FB-EB55-4823-8A35-B5FD8C57520E}.Release|Any CPU.Build.0 = Release|Any CPU
		{997CB6FB-EB55-4823-8A35-B5FD8C57520E}.Release|x86.ActiveCfg = Release|Any CPU
		{997CB6FB-EB55-4823-8A35-B5FD8C57520E}.Release|x86.Build.0 = Release|Any CPU
		{130D0135-0708-4148-BD70-3A5D73732798}.Debug|Any CPU.ActiveCfg = Debug|Any CPU
		{130D0135-0708-4148-BD70-3A5D73732798}.Debug|Any CPU.Build.0 = Debug|Any CPU
		{130D0135-0708-4148-BD70-3A5D73732798}.Debug|x86.ActiveCfg = Debug|Any CPU
		{130D0135-0708-4148-BD70-3A5D73732798}.Debug|x86.Build.0 = Debug|Any CPU
		{130D0135-0708-4148-BD70-3A5D73732798}.Release|Any CPU.ActiveCfg = Release|Any CPU
		{130D0135-0708-4148-BD70-3A5D73732798}.Release|Any CPU.Build.0 = Release|Any CPU
		{130D0135-0708-4148-BD70-3A5D73732798}.Release|x86.ActiveCfg = Release|Any CPU
		{130D0135-0708-4148-BD70-3A5D73732798}.Release|x86.Build.0 = Release|Any CPU
		{EB4808B5-97C3-437B-B2DE-60657F8F54BE}.Debug|Any CPU.ActiveCfg = Debug|Any CPU
		{EB4808B5-97C3-437B-B2DE-60657F8F54BE}.Debug|Any CPU.Build.0 = Debug|Any CPU
		{EB4808B5-97C3-437B-B2DE-60657F8F54BE}.Debug|x86.ActiveCfg = Debug|Any CPU
		{EB4808B5-97C3-437B-B2DE-60657F8F54BE}.Debug|x86.Build.0 = Debug|Any CPU
		{EB4808B5-97C3-437B-B2DE-60657F8F54BE}.Release|Any CPU.ActiveCfg = Release|Any CPU
		{EB4808B5-97C3-437B-B2DE-60657F8F54BE}.Release|Any CPU.Build.0 = Release|Any CPU
		{EB4808B5-97C3-437B-B2DE-60657F8F54BE}.Release|x86.ActiveCfg = Release|Any CPU
		{EB4808B5-97C3-437B-B2DE-60657F8F54BE}.Release|x86.Build.0 = Release|Any CPU
		{914D7F48-8F3A-4A32-A749-6D0F1924B75D}.Debug|Any CPU.ActiveCfg = Debug|Any CPU
		{914D7F48-8F3A-4A32-A749-6D0F1924B75D}.Debug|Any CPU.Build.0 = Debug|Any CPU
		{914D7F48-8F3A-4A32-A749-6D0F1924B75D}.Debug|x86.ActiveCfg = Debug|Any CPU
		{914D7F48-8F3A-4A32-A749-6D0F1924B75D}.Debug|x86.Build.0 = Debug|Any CPU
		{914D7F48-8F3A-4A32-A749-6D0F1924B75D}.Release|Any CPU.ActiveCfg = Release|Any CPU
		{914D7F48-8F3A-4A32-A749-6D0F1924B75D}.Release|Any CPU.Build.0 = Release|Any CPU
		{914D7F48-8F3A-4A32-A749-6D0F1924B75D}.Release|x86.ActiveCfg = Release|Any CPU
		{914D7F48-8F3A-4A32-A749-6D0F1924B75D}.Release|x86.Build.0 = Release|Any CPU
		{233BFEDA-2DF0-4843-B674-ED44BED012E8}.Debug|Any CPU.ActiveCfg = Debug|Any CPU
		{233BFEDA-2DF0-4843-B674-ED44BED012E8}.Debug|Any CPU.Build.0 = Debug|Any CPU
		{233BFEDA-2DF0-4843-B674-ED44BED012E8}.Debug|x86.ActiveCfg = Debug|Any CPU
		{233BFEDA-2DF0-4843-B674-ED44BED012E8}.Debug|x86.Build.0 = Debug|Any CPU
		{233BFEDA-2DF0-4843-B674-ED44BED012E8}.Release|Any CPU.ActiveCfg = Release|Any CPU
		{233BFEDA-2DF0-4843-B674-ED44BED012E8}.Release|Any CPU.Build.0 = Release|Any CPU
		{233BFEDA-2DF0-4843-B674-ED44BED012E8}.Release|x86.ActiveCfg = Release|Any CPU
		{233BFEDA-2DF0-4843-B674-ED44BED012E8}.Release|x86.Build.0 = Release|Any CPU
	EndGlobalSection
	GlobalSection(SolutionProperties) = preSolution
		HideSolutionNode = FALSE
	EndGlobalSection
	GlobalSection(ExtensibilityGlobals) = postSolution
		SolutionGuid = {89F69910-F4EE-4054-BCC4-1A00B03D8B94}
	EndGlobalSection
EndGlobal
