
Microsoft Visual Studio Solution File, Format Version 12.00
# Visual Studio Version 16
VisualStudioVersion = 16.0.30717.126
MinimumVisualStudioVersion = 10.0.40219.1
Project("{FAE04EC0-301F-11D3-BF4B-00C04F79EFBC}") = "MAIN", "MAIN\MAIN.csproj", "{2E3943C9-7F91-4B71-8120-9F030749C327}"
EndProject
Project("{FAE04EC0-301F-11D3-BF4B-00C04F79EFBC}") = "ComVar", "ComVar\ComVar.csproj", "{1FDD4C55-6914-47C9-89F0-682D023AC3A9}"
EndProject
Project("{FAE04EC0-301F-11D3-BF4B-00C04F79EFBC}") = "Com", "COM\Com.csproj", "{992378C3-66A1-4E98-96F5-CE2B26E0CAB2}"
EndProject
Project("{FAE04EC0-301F-11D3-BF4B-00C04F79EFBC}") = "140.SMT_DGF_NOS_N", "140.SMT_DGF_NOS_N\140.SMT_DGF_NOS_N.csproj", "{36A60513-7337-4CD3-97A0-5AC22479A528}"
EndProject
Project("{FAE04EC0-301F-11D3-BF4B-00C04F79EFBC}") = "69.SMT_DGF_NOS", "69.SMT_DGF_NOS\69.SMT_DGF_NOS.csproj", "{2861E896-40B0-4D81-8F20-68AFFCF6301B}"
EndProject
Project("{FAE04EC0-301F-11D3-BF4B-00C04F79EFBC}") = "245.SMT_DGF_FTY1", "245.SMT_DGF_FTY1\245.SMT_DGF_FTY1.csproj", "{61074E65-9602-43F3-9C9D-0BF332BF3EDB}"
EndProject
Project("{FAE04EC0-301F-11D3-BF4B-00C04F79EFBC}") = "176.FORM_TO_PO_DAY", "176.FORM_TO_PO_DAY\176.FORM_TO_PO_DAY.csproj", "{3E3C0627-6623-4F4D-8FC5-F9C4588091B0}"
EndProject
Project("{FAE04EC0-301F-11D3-BF4B-00C04F79EFBC}") = "177.FORM_PO_TO_WEEK", "177.FORM_PO_TO_WEEK\177.FORM_PO_TO_WEEK.csproj", "{7235B447-E720-41E6-BE4A-7227BAFC8C26}"
EndProject
Project("{FAE04EC0-301F-11D3-BF4B-00C04F79EFBC}") = "192.FORM_PO_TO_WEEK_NOS_N", "192.FORM_PO_TO_WEEK_NOS_N\192.FORM_PO_TO_WEEK_NOS_N.csproj", "{83418639-88B8-4A74-ADA9-8721A3DCDEEE}"
EndProject
Project("{FAE04EC0-301F-11D3-BF4B-00C04F79EFBC}") = "191.FORM_TO_PO_DAY_NOS_N", "191.FORM_TO_PO_DAY_NOS_N\191.FORM_TO_PO_DAY_NOS_N.csproj", "{997CB6FB-EB55-4823-8A35-B5FD8C57520E}"
EndProject
Project("{FAE04EC0-301F-11D3-BF4B-00C04F79EFBC}") = "198.FORM_TO_PO_DAY_NOS_L", "198.FORM_TO_PO_DAY_NOS_L\198.FORM_TO_PO_DAY_NOS_L.csproj", "{130D0135-0708-4148-BD70-3A5D73732798}"
EndProject
Project("{FAE04EC0-301F-11D3-BF4B-00C04F79EFBC}") = "199.FORM_PO_TO_WEEK_NOS_L", "199.FORM_PO_TO_WEEK_NOS_L\199.FORM_PO_TO_WEEK_NOS_L.csproj", "{EB4808B5-97C3-437B-B2DE-60657F8F54BE}"
EndProject
Project("{FAE04EC0-301F-11D3-BF4B-00C04F79EFBC}") = "70.SMT_DGF_NOS_NPI", "70.SMT_DGF_NOS_NPI\70.SMT_DGF_NOS_NPI.csproj", "{914D7F48-8F3A-4A32-A749-6D0F1924B75D}"
EndProject
Project("{FAE04EC0-301F-11D3-BF4B-00C04F79EFBC}") = "71_74.SMT_DGF_NOS_QR", "71_74.SMT_DGF_NOS_QR\71_74.SMT_DGF_NOS_QR.csproj", "{233BFEDA-2DF0-4843-B674-ED44BED012E8}"
EndProject
Project("{FAE04EC0-301F-11D3-BF4B-00C04F79EFBC}") = "75.SMT_DGF_NOS_OSD", "75.SMT_DGF_NOS_OSD\75.SMT_DGF_NOS_OSD.csproj", "{B8C2A87C-D308-40D6-82F5-7F11FD00BA45}"
EndProject
Project("{FAE04EC0-301F-11D3-BF4B-00C04F79EFBC}") = "77.SMT_DGF_NOS_MARKET_QUALITY", "77.SMT_DGF_NOS_MARKET_QUALITY\77.SMT_DGF_NOS_MARKET_QUALITY.csproj", "{0932981C-6EC4-4412-B9E6-119C3EEF884C}"
EndProject
Project("{FAE04EC0-301F-11D3-BF4B-00C04F79EFBC}") = "87_88.SMT_DGF_NOS_BTS", "87_88.SMT_DGF_NOS_BTS\87_88.SMT_DGF_NOS_BTS.csproj", "{01A0AAD0-BFB6-4ACB-A5D9-B2AB2B5C554A}"
EndProject
Project("{FAE04EC0-301F-11D3-BF4B-00C04F79EFBC}") = "89_91.SMT_DGF_NOS_ANDON", "89.SMT_DGF_NOS_ANDON\89_91.SMT_DGF_NOS_ANDON.csproj", "{DEB9B7C1-FFF5-44DE-B683-AF5F4EB34353}"
EndProject
Project("{FAE04EC0-301F-11D3-BF4B-00C04F79EFBC}") = "96_98.SMT_DGF_NOS_HR", "96_98.SMT_DGF_NOS_HR\96_98.SMT_DGF_NOS_HR.csproj", "{3FAF9CEC-2ACF-47D2-8D72-5EF37C3A4B1A}"
EndProject
Project("{FAE04EC0-301F-11D3-BF4B-00C04F79EFBC}") = "215.SMT_DSF_FGA_WH", "215.SMT_DSF_FGA_WH\215.SMT_DSF_FGA_WH.csproj", "{2EE6CAED-5F5D-4B84-BCBF-619690532858}"
EndProject
Project("{FAE04EC0-301F-11D3-BF4B-00C04F79EFBC}") = "576.SMT_DGF_NOS_ASSEMBLY_INPUT_SET", "576.SMT_DGF_NOS_INVENTORY_ASSEMBLY_SET\576.SMT_DGF_NOS_ASSEMBLY_INPUT_SET.csproj", "{2870C403-BFF4-4113-BDAB-8A860E7D2A6A}"
EndProject
Project("{FAE04EC0-301F-11D3-BF4B-00C04F79EFBC}") = "515.SMT_DGF_NOS_BOTTOM_INV_SET", "515.SMT_DGF_NOS_INVENTORY_BOTTOM\515.SMT_DGF_NOS_BOTTOM_INV_SET.csproj", "{7CE8F803-F7A6-4855-9C61-7FF0FD0E1E2E}"
EndProject
Project("{FAE04EC0-301F-11D3-BF4B-00C04F79EFBC}") = "95.SMT_DGF_NOS_INVENTORY", "95.SMT_DGF_NOS_INVENTORY\95.SMT_DGF_NOS_INVENTORY.csproj", "{1F43B532-9539-4733-9126-32EA6639D0B4}"
EndProject
Project("{FAE04EC0-301F-11D3-BF4B-00C04F79EFBC}") = "78_81.SMT_DGF_NOS_PROD", "78_81.SMT_DGF_NOS_PROD\78_81.SMT_DGF_NOS_PROD.csproj", "{95235CA0-8B0D-4BF7-BF10-27B6A020D2A8}"
EndProject
Project("{FAE04EC0-301F-11D3-BF4B-00C04F79EFBC}") = "92_94.SMT_DGF_NOS_LEADTIME", "92_94.SMT_DGF_NOS_LEADTIME\92_94.SMT_DGF_NOS_LEADTIME.csproj", "{8B7B5C23-E76E-4041-9056-C787096F91E5}"
EndProject
Project("{FAE04EC0-301F-11D3-BF4B-00C04F79EFBC}") = "83_86.SMT_DGF_NOS_PRODUCTIVITY", "83_86.SMT_DGF_NOS_PRODUCTIVITY\83_86.SMT_DGF_NOS_PRODUCTIVITY.csproj", "{5E37EBD8-F8B9-4214-A6F6-CF4CA1C836F6}"
EndProject
Project("{FAE04EC0-301F-11D3-BF4B-00C04F79EFBC}") = "298.SMT_DGF_NOS_PREDICTION", "298.SMT_DGF_NOS_PREDICTION\298.SMT_DGF_NOS_PREDICTION.csproj", "{871FA01A-D9A6-448D-946A-48CB2EC1E61F}"
EndProject
Project("{FAE04EC0-301F-11D3-BF4B-00C04F79EFBC}") = "185.SMT_DGF_NOS_L_LEADTIME", "185.SMT_DGF_NOS_L_LEADTIME\185.SMT_DGF_NOS_L_LEADTIME.csproj", "{2D4541B8-7C96-456D-BE4D-BECB7D16CDFD}"
EndProject
Project("{FAE04EC0-301F-11D3-BF4B-00C04F79EFBC}") = "172_175.SMT_DGF_PROD_NOS_L", "172_175.SMT_DGF_PROD_NOS_L\172_175.SMT_DGF_PROD_NOS_L.csproj", "{1A43FE42-7642-4D5C-834F-69D150D7142F}"
EndProject
Project("{FAE04EC0-301F-11D3-BF4B-00C04F79EFBC}") = "180_183.SMT_DGF_NOS_L_PRODUCTIVITY", "180_183.SMT_DGF_NOS_L_PRODUCTIVITY\180_183.SMT_DGF_NOS_L_PRODUCTIVITY.csproj", "{917D980C-D3CA-44E7-B336-AD9B050B53C7}"
EndProject
Project("{FAE04EC0-301F-11D3-BF4B-00C04F79EFBC}") = "218_221.SMT_DGF_NOS_L_QR", "218_221.SMT_DGF_NOS_L_QR\218_221.SMT_DGF_NOS_L_QR.csproj", "{F4B7C881-C051-4319-800F-FF44DFC59A6E}"
EndProject
Global
	GlobalSection(SolutionConfigurationPlatforms) = preSolution
		Debug|Any CPU = Debug|Any CPU
		Debug|x86 = Debug|x86
		Release|Any CPU = Release|Any CPU
		Release|x86 = Release|x86
	EndGlobalSection
	GlobalSection(ProjectConfigurationPlatforms) = postSolution
		{2E3943C9-7F91-4B71-8120-9F030749C327}.Debug|Any CPU.ActiveCfg = Debug|Any CPU
		{2E3943C9-7F91-4B71-8120-9F030749C327}.Debug|Any CPU.Build.0 = Debug|Any CPU
		{2E3943C9-7F91-4B71-8120-9F030749C327}.Debug|x86.ActiveCfg = Debug|x86
		{2E3943C9-7F91-4B71-8120-9F030749C327}.Debug|x86.Build.0 = Debug|x86
		{2E3943C9-7F91-4B71-8120-9F030749C327}.Release|Any CPU.ActiveCfg = Release|Any CPU
		{2E3943C9-7F91-4B71-8120-9F030749C327}.Release|Any CPU.Build.0 = Release|Any CPU
		{2E3943C9-7F91-4B71-8120-9F030749C327}.Release|x86.ActiveCfg = Release|x86
		{2E3943C9-7F91-4B71-8120-9F030749C327}.Release|x86.Build.0 = Release|x86
		{1FDD4C55-6914-47C9-89F0-682D023AC3A9}.Debug|Any CPU.ActiveCfg = Debug|Any CPU
		{1FDD4C55-6914-47C9-89F0-682D023AC3A9}.Debug|Any CPU.Build.0 = Debug|Any CPU
		{1FDD4C55-6914-47C9-89F0-682D023AC3A9}.Debug|x86.ActiveCfg = Debug|Any CPU
		{1FDD4C55-6914-47C9-89F0-682D023AC3A9}.Debug|x86.Build.0 = Debug|Any CPU
		{1FDD4C55-6914-47C9-89F0-682D023AC3A9}.Release|Any CPU.ActiveCfg = Release|Any CPU
		{1FDD4C55-6914-47C9-89F0-682D023AC3A9}.Release|Any CPU.Build.0 = Release|Any CPU
		{1FDD4C55-6914-47C9-89F0-682D023AC3A9}.Release|x86.ActiveCfg = Release|Any CPU
		{1FDD4C55-6914-47C9-89F0-682D023AC3A9}.Release|x86.Build.0 = Release|Any CPU
		{992378C3-66A1-4E98-96F5-CE2B26E0CAB2}.Debug|Any CPU.ActiveCfg = Debug|Any CPU
		{992378C3-66A1-4E98-96F5-CE2B26E0CAB2}.Debug|Any CPU.Build.0 = Debug|Any CPU
		{992378C3-66A1-4E98-96F5-CE2B26E0CAB2}.Debug|x86.ActiveCfg = Debug|x86
		{992378C3-66A1-4E98-96F5-CE2B26E0CAB2}.Debug|x86.Build.0 = Debug|x86
		{992378C3-66A1-4E98-96F5-CE2B26E0CAB2}.Release|Any CPU.ActiveCfg = Release|Any CPU
		{992378C3-66A1-4E98-96F5-CE2B26E0CAB2}.Release|Any CPU.Build.0 = Release|Any CPU
		{992378C3-66A1-4E98-96F5-CE2B26E0CAB2}.Release|x86.ActiveCfg = Release|x86
		{992378C3-66A1-4E98-96F5-CE2B26E0CAB2}.Release|x86.Build.0 = Release|x86
		{36A60513-7337-4CD3-97A0-5AC22479A528}.Debug|Any CPU.ActiveCfg = Debug|Any CPU
		{36A60513-7337-4CD3-97A0-5AC22479A528}.Debug|Any CPU.Build.0 = Debug|Any CPU
		{36A60513-7337-4CD3-97A0-5AC22479A528}.Debug|x86.ActiveCfg = Debug|Any CPU
		{36A60513-7337-4CD3-97A0-5AC22479A528}.Debug|x86.Build.0 = Debug|Any CPU
		{36A60513-7337-4CD3-97A0-5AC22479A528}.Release|Any CPU.ActiveCfg = Release|Any CPU
		{36A60513-7337-4CD3-97A0-5AC22479A528}.Release|Any CPU.Build.0 = Release|Any CPU
		{36A60513-7337-4CD3-97A0-5AC22479A528}.Release|x86.ActiveCfg = Release|Any CPU
		{36A60513-7337-4CD3-97A0-5AC22479A528}.Release|x86.Build.0 = Release|Any CPU
		{2861E896-40B0-4D81-8F20-68AFFCF6301B}.Debug|Any CPU.ActiveCfg = Debug|Any CPU
		{2861E896-40B0-4D81-8F20-68AFFCF6301B}.Debug|Any CPU.Build.0 = Debug|Any CPU
		{2861E896-40B0-4D81-8F20-68AFFCF6301B}.Debug|x86.ActiveCfg = Debug|Any CPU
		{2861E896-40B0-4D81-8F20-68AFFCF6301B}.Debug|x86.Build.0 = Debug|Any CPU
		{2861E896-40B0-4D81-8F20-68AFFCF6301B}.Release|Any CPU.ActiveCfg = Release|Any CPU
		{2861E896-40B0-4D81-8F20-68AFFCF6301B}.Release|Any CPU.Build.0 = Release|Any CPU
		{2861E896-40B0-4D81-8F20-68AFFCF6301B}.Release|x86.ActiveCfg = Release|Any CPU
		{2861E896-40B0-4D81-8F20-68AFFCF6301B}.Release|x86.Build.0 = Release|Any CPU
		{61074E65-9602-43F3-9C9D-0BF332BF3EDB}.Debug|Any CPU.ActiveCfg = Debug|Any CPU
		{61074E65-9602-43F3-9C9D-0BF332BF3EDB}.Debug|Any CPU.Build.0 = Debug|Any CPU
		{61074E65-9602-43F3-9C9D-0BF332BF3EDB}.Debug|x86.ActiveCfg = Debug|Any CPU
		{61074E65-9602-43F3-9C9D-0BF332BF3EDB}.Debug|x86.Build.0 = Debug|Any CPU
		{61074E65-9602-43F3-9C9D-0BF332BF3EDB}.Release|Any CPU.ActiveCfg = Release|Any CPU
		{61074E65-9602-43F3-9C9D-0BF332BF3EDB}.Release|Any CPU.Build.0 = Release|Any CPU
		{61074E65-9602-43F3-9C9D-0BF332BF3EDB}.Release|x86.ActiveCfg = Release|Any CPU
		{61074E65-9602-43F3-9C9D-0BF332BF3EDB}.Release|x86.Build.0 = Release|Any CPU
		{3E3C0627-6623-4F4D-8FC5-F9C4588091B0}.Debug|Any CPU.ActiveCfg = Debug|Any CPU
		{3E3C0627-6623-4F4D-8FC5-F9C4588091B0}.Debug|Any CPU.Build.0 = Debug|Any CPU
		{3E3C0627-6623-4F4D-8FC5-F9C4588091B0}.Debug|x86.ActiveCfg = Debug|Any CPU
		{3E3C0627-6623-4F4D-8FC5-F9C4588091B0}.Debug|x86.Build.0 = Debug|Any CPU
		{3E3C0627-6623-4F4D-8FC5-F9C4588091B0}.Release|Any CPU.ActiveCfg = Release|Any CPU
		{3E3C0627-6623-4F4D-8FC5-F9C4588091B0}.Release|Any CPU.Build.0 = Release|Any CPU
		{3E3C0627-6623-4F4D-8FC5-F9C4588091B0}.Release|x86.ActiveCfg = Release|Any CPU
		{3E3C0627-6623-4F4D-8FC5-F9C4588091B0}.Release|x86.Build.0 = Release|Any CPU
		{7235B447-E720-41E6-BE4A-7227BAFC8C26}.Debug|Any CPU.ActiveCfg = Debug|Any CPU
		{7235B447-E720-41E6-BE4A-7227BAFC8C26}.Debug|Any CPU.Build.0 = Debug|Any CPU
		{7235B447-E720-41E6-BE4A-7227BAFC8C26}.Debug|x86.ActiveCfg = Debug|Any CPU
		{7235B447-E720-41E6-BE4A-7227BAFC8C26}.Debug|x86.Build.0 = Debug|Any CPU
		{7235B447-E720-41E6-BE4A-7227BAFC8C26}.Release|Any CPU.ActiveCfg = Release|Any CPU
		{7235B447-E720-41E6-BE4A-7227BAFC8C26}.Release|Any CPU.Build.0 = Release|Any CPU
		{7235B447-E720-41E6-BE4A-7227BAFC8C26}.Release|x86.ActiveCfg = Release|Any CPU
		{7235B447-E720-41E6-BE4A-7227BAFC8C26}.Release|x86.Build.0 = Release|Any CPU
		{83418639-88B8-4A74-ADA9-8721A3DCDEEE}.Debug|Any CPU.ActiveCfg = Debug|Any CPU
		{83418639-88B8-4A74-ADA9-8721A3DCDEEE}.Debug|Any CPU.Build.0 = Debug|Any CPU
		{83418639-88B8-4A74-ADA9-8721A3DCDEEE}.Debug|x86.ActiveCfg = Debug|Any CPU
		{83418639-88B8-4A74-ADA9-8721A3DCDEEE}.Debug|x86.Build.0 = Debug|Any CPU
		{83418639-88B8-4A74-ADA9-8721A3DCDEEE}.Release|Any CPU.ActiveCfg = Release|Any CPU
		{83418639-88B8-4A74-ADA9-8721A3DCDEEE}.Release|Any CPU.Build.0 = Release|Any CPU
		{83418639-88B8-4A74-ADA9-8721A3DCDEEE}.Release|x86.ActiveCfg = Release|Any CPU
		{83418639-88B8-4A74-ADA9-8721A3DCDEEE}.Release|x86.Build.0 = Release|Any CPU
		{997CB6FB-EB55-4823-8A35-B5FD8C57520E}.Debug|Any CPU.ActiveCfg = Debug|Any CPU
		{997CB6FB-EB55-4823-8A35-B5FD8C57520E}.Debug|Any CPU.Build.0 = Debug|Any CPU
		{997CB6FB-EB55-4823-8A35-B5FD8C57520E}.Debug|x86.ActiveCfg = Debug|Any CPU
		{997CB6FB-EB55-4823-8A35-B5FD8C57520E}.Debug|x86.Build.0 = Debug|Any CPU
		{997CB6FB-EB55-4823-8A35-B5FD8C57520E}.Release|Any CPU.ActiveCfg = Release|Any CPU
		{997CB6FB-EB55-4823-8A35-B5FD8C57520E}.Release|Any CPU.Build.0 = Release|Any CPU
		{997CB6FB-EB55-4823-8A35-B5FD8C57520E}.Release|x86.ActiveCfg = Release|Any CPU
		{997CB6FB-EB55-4823-8A35-B5FD8C57520E}.Release|x86.Build.0 = Release|Any CPU
		{130D0135-0708-4148-BD70-3A5D73732798}.Debug|Any CPU.ActiveCfg = Debug|Any CPU
		{130D0135-0708-4148-BD70-3A5D73732798}.Debug|Any CPU.Build.0 = Debug|Any CPU
		{130D0135-0708-4148-BD70-3A5D73732798}.Debug|x86.ActiveCfg = Debug|Any CPU
		{130D0135-0708-4148-BD70-3A5D73732798}.Debug|x86.Build.0 = Debug|Any CPU
		{130D0135-0708-4148-BD70-3A5D73732798}.Release|Any CPU.ActiveCfg = Release|Any CPU
		{130D0135-0708-4148-BD70-3A5D73732798}.Release|Any CPU.Build.0 = Release|Any CPU
		{130D0135-0708-4148-BD70-3A5D73732798}.Release|x86.ActiveCfg = Release|Any CPU
		{130D0135-0708-4148-BD70-3A5D73732798}.Release|x86.Build.0 = Release|Any CPU
		{EB4808B5-97C3-437B-B2DE-60657F8F54BE}.Debug|Any CPU.ActiveCfg = Debug|Any CPU
		{EB4808B5-97C3-437B-B2DE-60657F8F54BE}.Debug|Any CPU.Build.0 = Debug|Any CPU
		{EB4808B5-97C3-437B-B2DE-60657F8F54BE}.Debug|x86.ActiveCfg = Debug|Any CPU
		{EB4808B5-97C3-437B-B2DE-60657F8F54BE}.Debug|x86.Build.0 = Debug|Any CPU
		{EB4808B5-97C3-437B-B2DE-60657F8F54BE}.Release|Any CPU.ActiveCfg = Release|Any CPU
		{EB4808B5-97C3-437B-B2DE-60657F8F54BE}.Release|Any CPU.Build.0 = Release|Any CPU
		{EB4808B5-97C3-437B-B2DE-60657F8F54BE}.Release|x86.ActiveCfg = Release|Any CPU
		{EB4808B5-97C3-437B-B2DE-60657F8F54BE}.Release|x86.Build.0 = Release|Any CPU
		{914D7F48-8F3A-4A32-A749-6D0F1924B75D}.Debug|Any CPU.ActiveCfg = Debug|Any CPU
		{914D7F48-8F3A-4A32-A749-6D0F1924B75D}.Debug|Any CPU.Build.0 = Debug|Any CPU
		{914D7F48-8F3A-4A32-A749-6D0F1924B75D}.Debug|x86.ActiveCfg = Debug|Any CPU
		{914D7F48-8F3A-4A32-A749-6D0F1924B75D}.Debug|x86.Build.0 = Debug|Any CPU
		{914D7F48-8F3A-4A32-A749-6D0F1924B75D}.Release|Any CPU.ActiveCfg = Release|Any CPU
		{914D7F48-8F3A-4A32-A749-6D0F1924B75D}.Release|Any CPU.Build.0 = Release|Any CPU
		{914D7F48-8F3A-4A32-A749-6D0F1924B75D}.Release|x86.ActiveCfg = Release|Any CPU
		{914D7F48-8F3A-4A32-A749-6D0F1924B75D}.Release|x86.Build.0 = Release|Any CPU
		{233BFEDA-2DF0-4843-B674-ED44BED012E8}.Debug|Any CPU.ActiveCfg = Debug|Any CPU
		{233BFEDA-2DF0-4843-B674-ED44BED012E8}.Debug|Any CPU.Build.0 = Debug|Any CPU
		{233BFEDA-2DF0-4843-B674-ED44BED012E8}.Debug|x86.ActiveCfg = Debug|Any CPU
		{233BFEDA-2DF0-4843-B674-ED44BED012E8}.Debug|x86.Build.0 = Debug|Any CPU
		{233BFEDA-2DF0-4843-B674-ED44BED012E8}.Release|Any CPU.ActiveCfg = Release|Any CPU
		{233BFEDA-2DF0-4843-B674-ED44BED012E8}.Release|Any CPU.Build.0 = Release|Any CPU
		{233BFEDA-2DF0-4843-B674-ED44BED012E8}.Release|x86.ActiveCfg = Release|Any CPU
		{233BFEDA-2DF0-4843-B674-ED44BED012E8}.Release|x86.Build.0 = Release|Any CPU
		{B8C2A87C-D308-40D6-82F5-7F11FD00BA45}.Debug|Any CPU.ActiveCfg = Debug|Any CPU
		{B8C2A87C-D308-40D6-82F5-7F11FD00BA45}.Debug|Any CPU.Build.0 = Debug|Any CPU
		{B8C2A87C-D308-40D6-82F5-7F11FD00BA45}.Debug|x86.ActiveCfg = Debug|Any CPU
		{B8C2A87C-D308-40D6-82F5-7F11FD00BA45}.Debug|x86.Build.0 = Debug|Any CPU
		{B8C2A87C-D308-40D6-82F5-7F11FD00BA45}.Release|Any CPU.ActiveCfg = Release|Any CPU
		{B8C2A87C-D308-40D6-82F5-7F11FD00BA45}.Release|Any CPU.Build.0 = Release|Any CPU
		{B8C2A87C-D308-40D6-82F5-7F11FD00BA45}.Release|x86.ActiveCfg = Release|Any CPU
		{B8C2A87C-D308-40D6-82F5-7F11FD00BA45}.Release|x86.Build.0 = Release|Any CPU
		{0932981C-6EC4-4412-B9E6-119C3EEF884C}.Debug|Any CPU.ActiveCfg = Debug|Any CPU
		{0932981C-6EC4-4412-B9E6-119C3EEF884C}.Debug|Any CPU.Build.0 = Debug|Any CPU
		{0932981C-6EC4-4412-B9E6-119C3EEF884C}.Debug|x86.ActiveCfg = Debug|Any CPU
		{0932981C-6EC4-4412-B9E6-119C3EEF884C}.Debug|x86.Build.0 = Debug|Any CPU
		{0932981C-6EC4-4412-B9E6-119C3EEF884C}.Release|Any CPU.ActiveCfg = Release|Any CPU
		{0932981C-6EC4-4412-B9E6-119C3EEF884C}.Release|Any CPU.Build.0 = Release|Any CPU
		{0932981C-6EC4-4412-B9E6-119C3EEF884C}.Release|x86.ActiveCfg = Release|Any CPU
		{0932981C-6EC4-4412-B9E6-119C3EEF884C}.Release|x86.Build.0 = Release|Any CPU
		{01A0AAD0-BFB6-4ACB-A5D9-B2AB2B5C554A}.Debug|Any CPU.ActiveCfg = Debug|Any CPU
		{01A0AAD0-BFB6-4ACB-A5D9-B2AB2B5C554A}.Debug|Any CPU.Build.0 = Debug|Any CPU
		{01A0AAD0-BFB6-4ACB-A5D9-B2AB2B5C554A}.Debug|x86.ActiveCfg = Debug|Any CPU
		{01A0AAD0-BFB6-4ACB-A5D9-B2AB2B5C554A}.Debug|x86.Build.0 = Debug|Any CPU
		{01A0AAD0-BFB6-4ACB-A5D9-B2AB2B5C554A}.Release|Any CPU.ActiveCfg = Release|Any CPU
		{01A0AAD0-BFB6-4ACB-A5D9-B2AB2B5C554A}.Release|Any CPU.Build.0 = Release|Any CPU
		{01A0AAD0-BFB6-4ACB-A5D9-B2AB2B5C554A}.Release|x86.ActiveCfg = Release|Any CPU
		{01A0AAD0-BFB6-4ACB-A5D9-B2AB2B5C554A}.Release|x86.Build.0 = Release|Any CPU
		{DEB9B7C1-FFF5-44DE-B683-AF5F4EB34353}.Debug|Any CPU.ActiveCfg = Debug|Any CPU
		{DEB9B7C1-FFF5-44DE-B683-AF5F4EB34353}.Debug|Any CPU.Build.0 = Debug|Any CPU
		{DEB9B7C1-FFF5-44DE-B683-AF5F4EB34353}.Debug|x86.ActiveCfg = Debug|Any CPU
		{DEB9B7C1-FFF5-44DE-B683-AF5F4EB34353}.Debug|x86.Build.0 = Debug|Any CPU
		{DEB9B7C1-FFF5-44DE-B683-AF5F4EB34353}.Release|Any CPU.ActiveCfg = Release|Any CPU
		{DEB9B7C1-FFF5-44DE-B683-AF5F4EB34353}.Release|Any CPU.Build.0 = Release|Any CPU
		{DEB9B7C1-FFF5-44DE-B683-AF5F4EB34353}.Release|x86.ActiveCfg = Release|Any CPU
		{DEB9B7C1-FFF5-44DE-B683-AF5F4EB34353}.Release|x86.Build.0 = Release|Any CPU
		{3FAF9CEC-2ACF-47D2-8D72-5EF37C3A4B1A}.Debug|Any CPU.ActiveCfg = Debug|Any CPU
		{3FAF9CEC-2ACF-47D2-8D72-5EF37C3A4B1A}.Debug|Any CPU.Build.0 = Debug|Any CPU
		{3FAF9CEC-2ACF-47D2-8D72-5EF37C3A4B1A}.Debug|x86.ActiveCfg = Debug|Any CPU
		{3FAF9CEC-2ACF-47D2-8D72-5EF37C3A4B1A}.Debug|x86.Build.0 = Debug|Any CPU
		{3FAF9CEC-2ACF-47D2-8D72-5EF37C3A4B1A}.Release|Any CPU.ActiveCfg = Release|Any CPU
		{3FAF9CEC-2ACF-47D2-8D72-5EF37C3A4B1A}.Release|Any CPU.Build.0 = Release|Any CPU
		{3FAF9CEC-2ACF-47D2-8D72-5EF37C3A4B1A}.Release|x86.ActiveCfg = Release|Any CPU
		{3FAF9CEC-2ACF-47D2-8D72-5EF37C3A4B1A}.Release|x86.Build.0 = Release|Any CPU
		{2EE6CAED-5F5D-4B84-BCBF-619690532858}.Debug|Any CPU.ActiveCfg = Debug|Any CPU
		{2EE6CAED-5F5D-4B84-BCBF-619690532858}.Debug|Any CPU.Build.0 = Debug|Any CPU
		{2EE6CAED-5F5D-4B84-BCBF-619690532858}.Debug|x86.ActiveCfg = Debug|Any CPU
		{2EE6CAED-5F5D-4B84-BCBF-619690532858}.Debug|x86.Build.0 = Debug|Any CPU
		{2EE6CAED-5F5D-4B84-BCBF-619690532858}.Release|Any CPU.ActiveCfg = Release|Any CPU
		{2EE6CAED-5F5D-4B84-BCBF-619690532858}.Release|Any CPU.Build.0 = Release|Any CPU
		{2EE6CAED-5F5D-4B84-BCBF-619690532858}.Release|x86.ActiveCfg = Release|Any CPU
		{2EE6CAED-5F5D-4B84-BCBF-619690532858}.Release|x86.Build.0 = Release|Any CPU
		{2870C403-BFF4-4113-BDAB-8A860E7D2A6A}.Debug|Any CPU.ActiveCfg = Debug|Any CPU
		{2870C403-BFF4-4113-BDAB-8A860E7D2A6A}.Debug|Any CPU.Build.0 = Debug|Any CPU
		{2870C403-BFF4-4113-BDAB-8A860E7D2A6A}.Debug|x86.ActiveCfg = Debug|Any CPU
		{2870C403-BFF4-4113-BDAB-8A860E7D2A6A}.Debug|x86.Build.0 = Debug|Any CPU
		{2870C403-BFF4-4113-BDAB-8A860E7D2A6A}.Release|Any CPU.ActiveCfg = Release|Any CPU
		{2870C403-BFF4-4113-BDAB-8A860E7D2A6A}.Release|Any CPU.Build.0 = Release|Any CPU
		{2870C403-BFF4-4113-BDAB-8A860E7D2A6A}.Release|x86.ActiveCfg = Release|Any CPU
		{2870C403-BFF4-4113-BDAB-8A860E7D2A6A}.Release|x86.Build.0 = Release|Any CPU
		{7CE8F803-F7A6-4855-9C61-7FF0FD0E1E2E}.Debug|Any CPU.ActiveCfg = Debug|Any CPU
		{7CE8F803-F7A6-4855-9C61-7FF0FD0E1E2E}.Debug|Any CPU.Build.0 = Debug|Any CPU
		{7CE8F803-F7A6-4855-9C61-7FF0FD0E1E2E}.Debug|x86.ActiveCfg = Debug|Any CPU
		{7CE8F803-F7A6-4855-9C61-7FF0FD0E1E2E}.Debug|x86.Build.0 = Debug|Any CPU
		{7CE8F803-F7A6-4855-9C61-7FF0FD0E1E2E}.Release|Any CPU.ActiveCfg = Release|Any CPU
		{7CE8F803-F7A6-4855-9C61-7FF0FD0E1E2E}.Release|Any CPU.Build.0 = Release|Any CPU
		{7CE8F803-F7A6-4855-9C61-7FF0FD0E1E2E}.Release|x86.ActiveCfg = Release|Any CPU
		{7CE8F803-F7A6-4855-9C61-7FF0FD0E1E2E}.Release|x86.Build.0 = Release|Any CPU
		{1F43B532-9539-4733-9126-32EA6639D0B4}.Debug|Any CPU.ActiveCfg = Debug|Any CPU
		{1F43B532-9539-4733-9126-32EA6639D0B4}.Debug|Any CPU.Build.0 = Debug|Any CPU
		{1F43B532-9539-4733-9126-32EA6639D0B4}.Debug|x86.ActiveCfg = Debug|Any CPU
		{1F43B532-9539-4733-9126-32EA6639D0B4}.Debug|x86.Build.0 = Debug|Any CPU
		{1F43B532-9539-4733-9126-32EA6639D0B4}.Release|Any CPU.ActiveCfg = Release|Any CPU
		{1F43B532-9539-4733-9126-32EA6639D0B4}.Release|Any CPU.Build.0 = Release|Any CPU
		{1F43B532-9539-4733-9126-32EA6639D0B4}.Release|x86.ActiveCfg = Release|Any CPU
		{1F43B532-9539-4733-9126-32EA6639D0B4}.Release|x86.Build.0 = Release|Any CPU
		{95235CA0-8B0D-4BF7-BF10-27B6A020D2A8}.Debug|Any CPU.ActiveCfg = Debug|Any CPU
		{95235CA0-8B0D-4BF7-BF10-27B6A020D2A8}.Debug|Any CPU.Build.0 = Debug|Any CPU
		{95235CA0-8B0D-4BF7-BF10-27B6A020D2A8}.Debug|x86.ActiveCfg = Debug|Any CPU
		{95235CA0-8B0D-4BF7-BF10-27B6A020D2A8}.Debug|x86.Build.0 = Debug|Any CPU
		{95235CA0-8B0D-4BF7-BF10-27B6A020D2A8}.Release|Any CPU.ActiveCfg = Release|Any CPU
		{95235CA0-8B0D-4BF7-BF10-27B6A020D2A8}.Release|Any CPU.Build.0 = Release|Any CPU
		{95235CA0-8B0D-4BF7-BF10-27B6A020D2A8}.Release|x86.ActiveCfg = Release|Any CPU
		{95235CA0-8B0D-4BF7-BF10-27B6A020D2A8}.Release|x86.Build.0 = Release|Any CPU
		{8B7B5C23-E76E-4041-9056-C787096F91E5}.Debug|Any CPU.ActiveCfg = Debug|Any CPU
		{8B7B5C23-E76E-4041-9056-C787096F91E5}.Debug|Any CPU.Build.0 = Debug|Any CPU
		{8B7B5C23-E76E-4041-9056-C787096F91E5}.Debug|x86.ActiveCfg = Debug|Any CPU
		{8B7B5C23-E76E-4041-9056-C787096F91E5}.Debug|x86.Build.0 = Debug|Any CPU
		{8B7B5C23-E76E-4041-9056-C787096F91E5}.Release|Any CPU.ActiveCfg = Release|Any CPU
		{8B7B5C23-E76E-4041-9056-C787096F91E5}.Release|Any CPU.Build.0 = Release|Any CPU
		{8B7B5C23-E76E-4041-9056-C787096F91E5}.Release|x86.ActiveCfg = Release|Any CPU
		{8B7B5C23-E76E-4041-9056-C787096F91E5}.Release|x86.Build.0 = Release|Any CPU
		{5E37EBD8-F8B9-4214-A6F6-CF4CA1C836F6}.Debug|Any CPU.ActiveCfg = Debug|Any CPU
		{5E37EBD8-F8B9-4214-A6F6-CF4CA1C836F6}.Debug|Any CPU.Build.0 = Debug|Any CPU
		{5E37EBD8-F8B9-4214-A6F6-CF4CA1C836F6}.Debug|x86.ActiveCfg = Debug|Any CPU
		{5E37EBD8-F8B9-4214-A6F6-CF4CA1C836F6}.Debug|x86.Build.0 = Debug|Any CPU
		{5E37EBD8-F8B9-4214-A6F6-CF4CA1C836F6}.Release|Any CPU.ActiveCfg = Release|Any CPU
		{5E37EBD8-F8B9-4214-A6F6-CF4CA1C836F6}.Release|Any CPU.Build.0 = Release|Any CPU
		{5E37EBD8-F8B9-4214-A6F6-CF4CA1C836F6}.Release|x86.ActiveCfg = Release|Any CPU
		{5E37EBD8-F8B9-4214-A6F6-CF4CA1C836F6}.Release|x86.Build.0 = Release|Any CPU
		{871FA01A-D9A6-448D-946A-48CB2EC1E61F}.Debug|Any CPU.ActiveCfg = Debug|Any CPU
		{871FA01A-D9A6-448D-946A-48CB2EC1E61F}.Debug|Any CPU.Build.0 = Debug|Any CPU
		{871FA01A-D9A6-448D-946A-48CB2EC1E61F}.Debug|x86.ActiveCfg = Debug|Any CPU
		{871FA01A-D9A6-448D-946A-48CB2EC1E61F}.Debug|x86.Build.0 = Debug|Any CPU
		{871FA01A-D9A6-448D-946A-48CB2EC1E61F}.Release|Any CPU.ActiveCfg = Release|Any CPU
		{871FA01A-D9A6-448D-946A-48CB2EC1E61F}.Release|Any CPU.Build.0 = Release|Any CPU
		{871FA01A-D9A6-448D-946A-48CB2EC1E61F}.Release|x86.ActiveCfg = Release|Any CPU
		{871FA01A-D9A6-448D-946A-48CB2EC1E61F}.Release|x86.Build.0 = Release|Any CPU
		{2D4541B8-7C96-456D-BE4D-BECB7D16CDFD}.Debug|Any CPU.ActiveCfg = Debug|Any CPU
		{2D4541B8-7C96-456D-BE4D-BECB7D16CDFD}.Debug|Any CPU.Build.0 = Debug|Any CPU
		{2D4541B8-7C96-456D-BE4D-BECB7D16CDFD}.Debug|x86.ActiveCfg = Debug|Any CPU
		{2D4541B8-7C96-456D-BE4D-BECB7D16CDFD}.Debug|x86.Build.0 = Debug|Any CPU
		{2D4541B8-7C96-456D-BE4D-BECB7D16CDFD}.Release|Any CPU.ActiveCfg = Release|Any CPU
		{2D4541B8-7C96-456D-BE4D-BECB7D16CDFD}.Release|Any CPU.Build.0 = Release|Any CPU
		{2D4541B8-7C96-456D-BE4D-BECB7D16CDFD}.Release|x86.ActiveCfg = Release|Any CPU
		{2D4541B8-7C96-456D-BE4D-BECB7D16CDFD}.Release|x86.Build.0 = Release|Any CPU
		{1A43FE42-7642-4D5C-834F-69D150D7142F}.Debug|Any CPU.ActiveCfg = Debug|Any CPU
		{1A43FE42-7642-4D5C-834F-69D150D7142F}.Debug|Any CPU.Build.0 = Debug|Any CPU
		{1A43FE42-7642-4D5C-834F-69D150D7142F}.Debug|x86.ActiveCfg = Debug|Any CPU
		{1A43FE42-7642-4D5C-834F-69D150D7142F}.Debug|x86.Build.0 = Debug|Any CPU
		{1A43FE42-7642-4D5C-834F-69D150D7142F}.Release|Any CPU.ActiveCfg = Release|Any CPU
		{1A43FE42-7642-4D5C-834F-69D150D7142F}.Release|Any CPU.Build.0 = Release|Any CPU
		{1A43FE42-7642-4D5C-834F-69D150D7142F}.Release|x86.ActiveCfg = Release|Any CPU
		{1A43FE42-7642-4D5C-834F-69D150D7142F}.Release|x86.Build.0 = Release|Any CPU
		{917D980C-D3CA-44E7-B336-AD9B050B53C7}.Debug|Any CPU.ActiveCfg = Debug|Any CPU
		{917D980C-D3CA-44E7-B336-AD9B050B53C7}.Debug|Any CPU.Build.0 = Debug|Any CPU
		{917D980C-D3CA-44E7-B336-AD9B050B53C7}.Debug|x86.ActiveCfg = Debug|Any CPU
		{917D980C-D3CA-44E7-B336-AD9B050B53C7}.Debug|x86.Build.0 = Debug|Any CPU
		{917D980C-D3CA-44E7-B336-AD9B050B53C7}.Release|Any CPU.ActiveCfg = Release|Any CPU
		{917D980C-D3CA-44E7-B336-AD9B050B53C7}.Release|Any CPU.Build.0 = Release|Any CPU
		{917D980C-D3CA-44E7-B336-AD9B050B53C7}.Release|x86.ActiveCfg = Release|Any CPU
		{917D980C-D3CA-44E7-B336-AD9B050B53C7}.Release|x86.Build.0 = Release|Any CPU
		{F4B7C881-C051-4319-800F-FF44DFC59A6E}.Debug|Any CPU.ActiveCfg = Debug|Any CPU
		{F4B7C881-C051-4319-800F-FF44DFC59A6E}.Debug|Any CPU.Build.0 = Debug|Any CPU
		{F4B7C881-C051-4319-800F-FF44DFC59A6E}.Debug|x86.ActiveCfg = Debug|Any CPU
		{F4B7C881-C051-4319-800F-FF44DFC59A6E}.Debug|x86.Build.0 = Debug|Any CPU
		{F4B7C881-C051-4319-800F-FF44DFC59A6E}.Release|Any CPU.ActiveCfg = Release|Any CPU
		{F4B7C881-C051-4319-800F-FF44DFC59A6E}.Release|Any CPU.Build.0 = Release|Any CPU
		{F4B7C881-C051-4319-800F-FF44DFC59A6E}.Release|x86.ActiveCfg = Release|Any CPU
		{F4B7C881-C051-4319-800F-FF44DFC59A6E}.Release|x86.Build.0 = Release|Any CPU
	EndGlobalSection
	GlobalSection(SolutionProperties) = preSolution
		HideSolutionNode = FALSE
	EndGlobalSection
	GlobalSection(ExtensibilityGlobals) = postSolution
		SolutionGuid = {89F69910-F4EE-4054-BCC4-1A00B03D8B94}
	EndGlobalSection
EndGlobal
